
Microsoft Visual Studio Solution File, Format Version 12.00
# Visual Studio Version 17
VisualStudioVersion = 17.0.31919.166
MinimumVisualStudioVersion = 10.0.40219.1
Project("{9A19103F-16F7-4668-BE54-9A1E7A4F7556}") = "Entities", "Entities\Entities.csproj", "{CD0E767D-30B1-4012-9753-F10077D1A3A3}"
EndProject
Project("{9A19103F-16F7-4668-BE54-9A1E7A4F7556}") = "DataAccess", "DataAccess\DataAccess.csproj", "{BADE3925-FC5B-42CD-A81C-DC95AB4C9565}"
EndProject
Project("{9A19103F-16F7-4668-BE54-9A1E7A4F7556}") = "Business", "Business\Business.csproj", "{25F3E156-DA93-4C48-A353-F043C962517B}"
EndProject
Project("{9A19103F-16F7-4668-BE54-9A1E7A4F7556}") = "ConsoleUI", "ConsoleUI\ConsoleUI.csproj", "{9234D3E8-CDFE-4595-B995-A1C99B26C5F3}"
EndProject
Project("{FAE04EC0-301F-11D3-BF4B-00C04F79EFBC}") = "Core", "Core\Core.csproj", "{30180C75-A6EB-463F-A141-C02950CED70C}"
EndProject
Global
	GlobalSection(SolutionConfigurationPlatforms) = preSolution
		Debug|Any CPU = Debug|Any CPU
		Release|Any CPU = Release|Any CPU
	EndGlobalSection
	GlobalSection(ProjectConfigurationPlatforms) = postSolution
		{CD0E767D-30B1-4012-9753-F10077D1A3A3}.Debug|Any CPU.ActiveCfg = Debug|Any CPU
		{CD0E767D-30B1-4012-9753-F10077D1A3A3}.Debug|Any CPU.Build.0 = Debug|Any CPU
		{CD0E767D-30B1-4012-9753-F10077D1A3A3}.Release|Any CPU.ActiveCfg = Release|Any CPU
		{CD0E767D-30B1-4012-9753-F10077D1A3A3}.Release|Any CPU.Build.0 = Release|Any CPU
		{BADE3925-FC5B-42CD-A81C-DC95AB4C9565}.Debug|Any CPU.ActiveCfg = Debug|Any CPU
		{BADE3925-FC5B-42CD-A81C-DC95AB4C9565}.Debug|Any CPU.Build.0 = Debug|Any CPU
		{BADE3925-FC5B-42CD-A81C-DC95AB4C9565}.Release|Any CPU.ActiveCfg = Release|Any CPU
		{BADE3925-FC5B-42CD-A81C-DC95AB4C9565}.Release|Any CPU.Build.0 = Release|Any CPU
		{25F3E156-DA93-4C48-A353-F043C962517B}.Debug|Any CPU.ActiveCfg = Debug|Any CPU
		{25F3E156-DA93-4C48-A353-F043C962517B}.Debug|Any CPU.Build.0 = Debug|Any CPU
		{25F3E156-DA93-4C48-A353-F043C962517B}.Release|Any CPU.ActiveCfg = Release|Any CPU
		{25F3E156-DA93-4C48-A353-F043C962517B}.Release|Any CPU.Build.0 = Release|Any CPU
		{9234D3E8-CDFE-4595-B995-A1C99B26C5F3}.Debug|Any CPU.ActiveCfg = Debug|Any CPU
		{9234D3E8-CDFE-4595-B995-A1C99B26C5F3}.Debug|Any CPU.Build.0 = Debug|Any CPU
		{9234D3E8-CDFE-4595-B995-A1C99B26C5F3}.Release|Any CPU.ActiveCfg = Release|Any CPU
		{9234D3E8-CDFE-4595-B995-A1C99B26C5F3}.Release|Any CPU.Build.0 = Release|Any CPU
		{30180C75-A6EB-463F-A141-C02950CED70C}.Debug|Any CPU.ActiveCfg = Debug|Any CPU
		{30180C75-A6EB-463F-A141-C02950CED70C}.Debug|Any CPU.Build.0 = Debug|Any CPU
		{30180C75-A6EB-463F-A141-C02950CED70C}.Release|Any CPU.ActiveCfg = Release|Any CPU
		{30180C75-A6EB-463F-A141-C02950CED70C}.Release|Any CPU.Build.0 = Release|Any CPU
	EndGlobalSection
	GlobalSection(SolutionProperties) = preSolution
		HideSolutionNode = FALSE
	EndGlobalSection
	GlobalSection(ExtensibilityGlobals) = postSolution
		SolutionGuid = {A9A987A2-0386-4CFE-8D3E-3B15A27B4568}
	EndGlobalSection
EndGlobal
